// !$*UTF8*$!
{
	archiveVersion = 1;
	classes = {
	};
	objectVersion = 46;
	objects = {

/* Begin PBXBuildFile section */
		F64462B618FF2FFB0090FBE2 /* Foundation.framework in Frameworks */ = {isa = PBXBuildFile; fileRef = F64462B518FF2FFB0090FBE2 /* Foundation.framework */; };
		F64462B818FF2FFB0090FBE2 /* CoreGraphics.framework in Frameworks */ = {isa = PBXBuildFile; fileRef = F64462B718FF2FFB0090FBE2 /* CoreGraphics.framework */; };
		F64462BA18FF2FFB0090FBE2 /* UIKit.framework in Frameworks */ = {isa = PBXBuildFile; fileRef = F64462B918FF2FFB0090FBE2 /* UIKit.framework */; };
		F64462C018FF2FFB0090FBE2 /* InfoPlist.strings in Resources */ = {isa = PBXBuildFile; fileRef = F64462BE18FF2FFB0090FBE2 /* InfoPlist.strings */; };
		F64462C218FF2FFB0090FBE2 /* main.m in Sources */ = {isa = PBXBuildFile; fileRef = F64462C118FF2FFB0090FBE2 /* main.m */; };
		F64462C618FF2FFB0090FBE2 /* CulpaNuggetAppDelegate.m in Sources */ = {isa = PBXBuildFile; fileRef = F64462C518FF2FFB0090FBE2 /* CulpaNuggetAppDelegate.m */; };
		F64462C918FF2FFB0090FBE2 /* Main.storyboard in Resources */ = {isa = PBXBuildFile; fileRef = F64462C718FF2FFB0090FBE2 /* Main.storyboard */; };
		F64462CC18FF2FFB0090FBE2 /* CulpaNuggetViewController.m in Sources */ = {isa = PBXBuildFile; fileRef = F64462CB18FF2FFB0090FBE2 /* CulpaNuggetViewController.m */; };
		F64462CE18FF2FFB0090FBE2 /* Images.xcassets in Resources */ = {isa = PBXBuildFile; fileRef = F64462CD18FF2FFB0090FBE2 /* Images.xcassets */; };
		F64462D518FF2FFB0090FBE2 /* XCTest.framework in Frameworks */ = {isa = PBXBuildFile; fileRef = F64462D418FF2FFB0090FBE2 /* XCTest.framework */; };
		F64462D618FF2FFB0090FBE2 /* Foundation.framework in Frameworks */ = {isa = PBXBuildFile; fileRef = F64462B518FF2FFB0090FBE2 /* Foundation.framework */; };
		F64462D718FF2FFB0090FBE2 /* UIKit.framework in Frameworks */ = {isa = PBXBuildFile; fileRef = F64462B918FF2FFB0090FBE2 /* UIKit.framework */; };
		F64462DF18FF2FFB0090FBE2 /* InfoPlist.strings in Resources */ = {isa = PBXBuildFile; fileRef = F64462DD18FF2FFB0090FBE2 /* InfoPlist.strings */; };
		F64462E118FF2FFB0090FBE2 /* CulpaNuggetTests.m in Sources */ = {isa = PBXBuildFile; fileRef = F64462E018FF2FFB0090FBE2 /* CulpaNuggetTests.m */; };
		F64462EC18FF44B80090FBE2 /* CulpaProfessor.m in Sources */ = {isa = PBXBuildFile; fileRef = F64462EB18FF44B80090FBE2 /* CulpaProfessor.m */; };
/* End PBXBuildFile section */

/* Begin PBXContainerItemProxy section */
		F64462D818FF2FFB0090FBE2 /* PBXContainerItemProxy */ = {
			isa = PBXContainerItemProxy;
			containerPortal = F64462AA18FF2FFB0090FBE2 /* Project object */;
			proxyType = 1;
			remoteGlobalIDString = F64462B118FF2FFB0090FBE2;
			remoteInfo = CulpaNugget;
		};
/* End PBXContainerItemProxy section */

/* Begin PBXFileReference section */
		F64462B218FF2FFB0090FBE2 /* CulpaNugget.app */ = {isa = PBXFileReference; explicitFileType = wrapper.application; includeInIndex = 0; path = CulpaNugget.app; sourceTree = BUILT_PRODUCTS_DIR; };
		F64462B518FF2FFB0090FBE2 /* Foundation.framework */ = {isa = PBXFileReference; lastKnownFileType = wrapper.framework; name = Foundation.framework; path = System/Library/Frameworks/Foundation.framework; sourceTree = SDKROOT; };
		F64462B718FF2FFB0090FBE2 /* CoreGraphics.framework */ = {isa = PBXFileReference; lastKnownFileType = wrapper.framework; name = CoreGraphics.framework; path = System/Library/Frameworks/CoreGraphics.framework; sourceTree = SDKROOT; };
		F64462B918FF2FFB0090FBE2 /* UIKit.framework */ = {isa = PBXFileReference; lastKnownFileType = wrapper.framework; name = UIKit.framework; path = System/Library/Frameworks/UIKit.framework; sourceTree = SDKROOT; };
		F64462BD18FF2FFB0090FBE2 /* CulpaNugget-Info.plist */ = {isa = PBXFileReference; lastKnownFileType = text.plist.xml; path = "CulpaNugget-Info.plist"; sourceTree = "<group>"; };
		F64462BF18FF2FFB0090FBE2 /* en */ = {isa = PBXFileReference; lastKnownFileType = text.plist.strings; name = en; path = en.lproj/InfoPlist.strings; sourceTree = "<group>"; };
		F64462C118FF2FFB0090FBE2 /* main.m */ = {isa = PBXFileReference; lastKnownFileType = sourcecode.c.objc; path = main.m; sourceTree = "<group>"; };
		F64462C318FF2FFB0090FBE2 /* CulpaNugget-Prefix.pch */ = {isa = PBXFileReference; lastKnownFileType = sourcecode.c.h; path = "CulpaNugget-Prefix.pch"; sourceTree = "<group>"; };
		F64462C418FF2FFB0090FBE2 /* CulpaNuggetAppDelegate.h */ = {isa = PBXFileReference; lastKnownFileType = sourcecode.c.h; path = CulpaNuggetAppDelegate.h; sourceTree = "<group>"; };
		F64462C518FF2FFB0090FBE2 /* CulpaNuggetAppDelegate.m */ = {isa = PBXFileReference; lastKnownFileType = sourcecode.c.objc; path = CulpaNuggetAppDelegate.m; sourceTree = "<group>"; };
		F64462C818FF2FFB0090FBE2 /* Base */ = {isa = PBXFileReference; lastKnownFileType = file.storyboard; name = Base; path = Base.lproj/Main.storyboard; sourceTree = "<group>"; };
		F64462CA18FF2FFB0090FBE2 /* CulpaNuggetViewController.h */ = {isa = PBXFileReference; lastKnownFileType = sourcecode.c.h; path = CulpaNuggetViewController.h; sourceTree = "<group>"; };
		F64462CB18FF2FFB0090FBE2 /* CulpaNuggetViewController.m */ = {isa = PBXFileReference; lastKnownFileType = sourcecode.c.objc; path = CulpaNuggetViewController.m; sourceTree = "<group>"; };
		F64462CD18FF2FFB0090FBE2 /* Images.xcassets */ = {isa = PBXFileReference; lastKnownFileType = folder.assetcatalog; path = Images.xcassets; sourceTree = "<group>"; };
		F64462D318FF2FFB0090FBE2 /* CulpaNuggetTests.xctest */ = {isa = PBXFileReference; explicitFileType = wrapper.cfbundle; includeInIndex = 0; path = CulpaNuggetTests.xctest; sourceTree = BUILT_PRODUCTS_DIR; };
		F64462D418FF2FFB0090FBE2 /* XCTest.framework */ = {isa = PBXFileReference; lastKnownFileType = wrapper.framework; name = XCTest.framework; path = Library/Frameworks/XCTest.framework; sourceTree = DEVELOPER_DIR; };
		F64462DC18FF2FFB0090FBE2 /* CulpaNuggetTests-Info.plist */ = {isa = PBXFileReference; lastKnownFileType = text.plist.xml; path = "CulpaNuggetTests-Info.plist"; sourceTree = "<group>"; };
		F64462DE18FF2FFB0090FBE2 /* en */ = {isa = PBXFileReference; lastKnownFileType = text.plist.strings; name = en; path = en.lproj/InfoPlist.strings; sourceTree = "<group>"; };
		F64462E018FF2FFB0090FBE2 /* CulpaNuggetTests.m */ = {isa = PBXFileReference; lastKnownFileType = sourcecode.c.objc; path = CulpaNuggetTests.m; sourceTree = "<group>"; };
		F64462EA18FF44B80090FBE2 /* CulpaProfessor.h */ = {isa = PBXFileReference; fileEncoding = 4; lastKnownFileType = sourcecode.c.h; path = CulpaProfessor.h; sourceTree = "<group>"; };
		F64462EB18FF44B80090FBE2 /* CulpaProfessor.m */ = {isa = PBXFileReference; fileEncoding = 4; lastKnownFileType = sourcecode.c.objc; path = CulpaProfessor.m; sourceTree = "<group>"; };
/* End PBXFileReference section */

/* Begin PBXFrameworksBuildPhase section */
		F64462AF18FF2FFB0090FBE2 /* Frameworks */ = {
			isa = PBXFrameworksBuildPhase;
			buildActionMask = 2147483647;
			files = (
				F64462B818FF2FFB0090FBE2 /* CoreGraphics.framework in Frameworks */,
				F64462BA18FF2FFB0090FBE2 /* UIKit.framework in Frameworks */,
				F64462B618FF2FFB0090FBE2 /* Foundation.framework in Frameworks */,
			);
			runOnlyForDeploymentPostprocessing = 0;
		};
		F64462D018FF2FFB0090FBE2 /* Frameworks */ = {
			isa = PBXFrameworksBuildPhase;
			buildActionMask = 2147483647;
			files = (
				F64462D518FF2FFB0090FBE2 /* XCTest.framework in Frameworks */,
				F64462D718FF2FFB0090FBE2 /* UIKit.framework in Frameworks */,
				F64462D618FF2FFB0090FBE2 /* Foundation.framework in Frameworks */,
			);
			runOnlyForDeploymentPostprocessing = 0;
		};
/* End PBXFrameworksBuildPhase section */

/* Begin PBXGroup section */
		F64462A918FF2FFB0090FBE2 = {
			isa = PBXGroup;
			children = (
				F64462BB18FF2FFB0090FBE2 /* CulpaNugget */,
				F64462DA18FF2FFB0090FBE2 /* CulpaNuggetTests */,
				F64462B418FF2FFB0090FBE2 /* Frameworks */,
				F64462B318FF2FFB0090FBE2 /* Products */,
			);
			sourceTree = "<group>";
		};
		F64462B318FF2FFB0090FBE2 /* Products */ = {
			isa = PBXGroup;
			children = (
				F64462B218FF2FFB0090FBE2 /* CulpaNugget.app */,
				F64462D318FF2FFB0090FBE2 /* CulpaNuggetTests.xctest */,
			);
			name = Products;
			sourceTree = "<group>";
		};
		F64462B418FF2FFB0090FBE2 /* Frameworks */ = {
			isa = PBXGroup;
			children = (
				F64462B518FF2FFB0090FBE2 /* Foundation.framework */,
				F64462B718FF2FFB0090FBE2 /* CoreGraphics.framework */,
				F64462B918FF2FFB0090FBE2 /* UIKit.framework */,
				F64462D418FF2FFB0090FBE2 /* XCTest.framework */,
			);
			name = Frameworks;
			sourceTree = "<group>";
		};
		F64462BB18FF2FFB0090FBE2 /* CulpaNugget */ = {
			isa = PBXGroup;
			children = (
				F64462C418FF2FFB0090FBE2 /* CulpaNuggetAppDelegate.h */,
				F64462C518FF2FFB0090FBE2 /* CulpaNuggetAppDelegate.m */,
				F64462C718FF2FFB0090FBE2 /* Main.storyboard */,
				F64462CA18FF2FFB0090FBE2 /* CulpaNuggetViewController.h */,
				F64462CB18FF2FFB0090FBE2 /* CulpaNuggetViewController.m */,
				F64462CD18FF2FFB0090FBE2 /* Images.xcassets */,
				F64462BC18FF2FFB0090FBE2 /* Supporting Files */,
				F64462EA18FF44B80090FBE2 /* CulpaProfessor.h */,
				F64462EB18FF44B80090FBE2 /* CulpaProfessor.m */,
			);
			path = CulpaNugget;
			sourceTree = "<group>";
		};
		F64462BC18FF2FFB0090FBE2 /* Supporting Files */ = {
			isa = PBXGroup;
			children = (
				F64462BD18FF2FFB0090FBE2 /* CulpaNugget-Info.plist */,
				F64462BE18FF2FFB0090FBE2 /* InfoPlist.strings */,
				F64462C118FF2FFB0090FBE2 /* main.m */,
				F64462C318FF2FFB0090FBE2 /* CulpaNugget-Prefix.pch */,
			);
			name = "Supporting Files";
			sourceTree = "<group>";
		};
		F64462DA18FF2FFB0090FBE2 /* CulpaNuggetTests */ = {
			isa = PBXGroup;
			children = (
				F64462E018FF2FFB0090FBE2 /* CulpaNuggetTests.m */,
				F64462DB18FF2FFB0090FBE2 /* Supporting Files */,
			);
			path = CulpaNuggetTests;
			sourceTree = "<group>";
		};
		F64462DB18FF2FFB0090FBE2 /* Supporting Files */ = {
			isa = PBXGroup;
			children = (
				F64462DC18FF2FFB0090FBE2 /* CulpaNuggetTests-Info.plist */,
				F64462DD18FF2FFB0090FBE2 /* InfoPlist.strings */,
			);
			name = "Supporting Files";
			sourceTree = "<group>";
		};
/* End PBXGroup section */

/* Begin PBXNativeTarget section */
		F64462B118FF2FFB0090FBE2 /* CulpaNugget */ = {
			isa = PBXNativeTarget;
			buildConfigurationList = F64462E418FF2FFB0090FBE2 /* Build configuration list for PBXNativeTarget "CulpaNugget" */;
			buildPhases = (
				F64462AE18FF2FFB0090FBE2 /* Sources */,
				F64462AF18FF2FFB0090FBE2 /* Frameworks */,
				F64462B018FF2FFB0090FBE2 /* Resources */,
			);
			buildRules = (
			);
			dependencies = (
			);
			name = CulpaNugget;
			productName = CulpaNugget;
			productReference = F64462B218FF2FFB0090FBE2 /* CulpaNugget.app */;
			productType = "com.apple.product-type.application";
		};
		F64462D218FF2FFB0090FBE2 /* CulpaNuggetTests */ = {
			isa = PBXNativeTarget;
			buildConfigurationList = F64462E718FF2FFB0090FBE2 /* Build configuration list for PBXNativeTarget "CulpaNuggetTests" */;
			buildPhases = (
				F64462CF18FF2FFB0090FBE2 /* Sources */,
				F64462D018FF2FFB0090FBE2 /* Frameworks */,
				F64462D118FF2FFB0090FBE2 /* Resources */,
			);
			buildRules = (
			);
			dependencies = (
				F64462D918FF2FFB0090FBE2 /* PBXTargetDependency */,
			);
			name = CulpaNuggetTests;
			productName = CulpaNuggetTests;
			productReference = F64462D318FF2FFB0090FBE2 /* CulpaNuggetTests.xctest */;
			productType = "com.apple.product-type.bundle.unit-test";
		};
/* End PBXNativeTarget section */

/* Begin PBXProject section */
		F64462AA18FF2FFB0090FBE2 /* Project object */ = {
			isa = PBXProject;
			attributes = {
				CLASSPREFIX = CulpaNugget;
				LastUpgradeCheck = 0510;
				ORGANIZATIONNAME = "Don Yu";
				TargetAttributes = {
					F64462D218FF2FFB0090FBE2 = {
						TestTargetID = F64462B118FF2FFB0090FBE2;
					};
				};
			};
			buildConfigurationList = F64462AD18FF2FFB0090FBE2 /* Build configuration list for PBXProject "CulpaNugget" */;
			compatibilityVersion = "Xcode 3.2";
			developmentRegion = English;
			hasScannedForEncodings = 0;
			knownRegions = (
				en,
				Base,
			);
			mainGroup = F64462A918FF2FFB0090FBE2;
			productRefGroup = F64462B318FF2FFB0090FBE2 /* Products */;
			projectDirPath = "";
			projectRoot = "";
			targets = (
				F64462B118FF2FFB0090FBE2 /* CulpaNugget */,
				F64462D218FF2FFB0090FBE2 /* CulpaNuggetTests */,
			);
		};
/* End PBXProject section */

/* Begin PBXResourcesBuildPhase section */
		F64462B018FF2FFB0090FBE2 /* Resources */ = {
			isa = PBXResourcesBuildPhase;
			buildActionMask = 2147483647;
			files = (
				F64462CE18FF2FFB0090FBE2 /* Images.xcassets in Resources */,
				F64462C018FF2FFB0090FBE2 /* InfoPlist.strings in Resources */,
				F64462C918FF2FFB0090FBE2 /* Main.storyboard in Resources */,
			);
			runOnlyForDeploymentPostprocessing = 0;
		};
		F64462D118FF2FFB0090FBE2 /* Resources */ = {
			isa = PBXResourcesBuildPhase;
			buildActionMask = 2147483647;
			files = (
				F64462DF18FF2FFB0090FBE2 /* InfoPlist.strings in Resources */,
			);
			runOnlyForDeploymentPostprocessing = 0;
		};
/* End PBXResourcesBuildPhase section */

/* Begin PBXSourcesBuildPhase section */
		F64462AE18FF2FFB0090FBE2 /* Sources */ = {
			isa = PBXSourcesBuildPhase;
			buildActionMask = 2147483647;
			files = (
				F64462C618FF2FFB0090FBE2 /* CulpaNuggetAppDelegate.m in Sources */,
				F64462CC18FF2FFB0090FBE2 /* CulpaNuggetViewController.m in Sources */,
				F64462C218FF2FFB0090FBE2 /* main.m in Sources */,
				F64462EC18FF44B80090FBE2 /* CulpaProfessor.m in Sources */,
			);
			runOnlyForDeploymentPostprocessing = 0;
		};
		F64462CF18FF2FFB0090FBE2 /* Sources */ = {
			isa = PBXSourcesBuildPhase;
			buildActionMask = 2147483647;
			files = (
				F64462E118FF2FFB0090FBE2 /* CulpaNuggetTests.m in Sources */,
			);
			runOnlyForDeploymentPostprocessing = 0;
		};
/* End PBXSourcesBuildPhase section */

/* Begin PBXTargetDependency section */
		F64462D918FF2FFB0090FBE2 /* PBXTargetDependency */ = {
			isa = PBXTargetDependency;
			target = F64462B118FF2FFB0090FBE2 /* CulpaNugget */;
			targetProxy = F64462D818FF2FFB0090FBE2 /* PBXContainerItemProxy */;
		};
/* End PBXTargetDependency section */

/* Begin PBXVariantGroup section */
		F64462BE18FF2FFB0090FBE2 /* InfoPlist.strings */ = {
			isa = PBXVariantGroup;
			children = (
				F64462BF18FF2FFB0090FBE2 /* en */,
			);
			name = InfoPlist.strings;
			sourceTree = "<group>";
		};
		F64462C718FF2FFB0090FBE2 /* Main.storyboard */ = {
			isa = PBXVariantGroup;
			children = (
				F64462C818FF2FFB0090FBE2 /* Base */,
			);
			name = Main.storyboard;
			sourceTree = "<group>";
		};
		F64462DD18FF2FFB0090FBE2 /* InfoPlist.strings */ = {
			isa = PBXVariantGroup;
			children = (
				F64462DE18FF2FFB0090FBE2 /* en */,
			);
			name = InfoPlist.strings;
			sourceTree = "<group>";
		};
/* End PBXVariantGroup section */

/* Begin XCBuildConfiguration section */
		F64462E218FF2FFB0090FBE2 /* Debug */ = {
			isa = XCBuildConfiguration;
			buildSettings = {
				ALWAYS_SEARCH_USER_PATHS = NO;
				CLANG_CXX_LANGUAGE_STANDARD = "gnu++0x";
				CLANG_CXX_LIBRARY = "libc++";
				CLANG_ENABLE_MODULES = YES;
				CLANG_ENABLE_OBJC_ARC = YES;
				CLANG_WARN_BOOL_CONVERSION = YES;
				CLANG_WARN_CONSTANT_CONVERSION = YES;
				CLANG_WARN_DIRECT_OBJC_ISA_USAGE = YES_ERROR;
				CLANG_WARN_EMPTY_BODY = YES;
				CLANG_WARN_ENUM_CONVERSION = YES;
				CLANG_WARN_INT_CONVERSION = YES;
				CLANG_WARN_OBJC_ROOT_CLASS = YES_ERROR;
				CLANG_WARN__DUPLICATE_METHOD_MATCH = YES;
				"CODE_SIGN_IDENTITY[sdk=iphoneos*]" = "iPhone Developer";
				COPY_PHASE_STRIP = NO;
				GCC_C_LANGUAGE_STANDARD = gnu99;
				GCC_DYNAMIC_NO_PIC = NO;
				GCC_OPTIMIZATION_LEVEL = 0;
				GCC_PREPROCESSOR_DEFINITIONS = (
					"DEBUG=1",
					"$(inherited)",
				);
				GCC_SYMBOLS_PRIVATE_EXTERN = NO;
				GCC_WARN_64_TO_32_BIT_CONVERSION = YES;
				GCC_WARN_ABOUT_RETURN_TYPE = YES_ERROR;
				GCC_WARN_UNDECLARED_SELECTOR = YES;
				GCC_WARN_UNINITIALIZED_AUTOS = YES_AGGRESSIVE;
				GCC_WARN_UNUSED_FUNCTION = YES;
				GCC_WARN_UNUSED_VARIABLE = YES;
				IPHONEOS_DEPLOYMENT_TARGET = 7.1;
				ONLY_ACTIVE_ARCH = YES;
				SDKROOT = iphoneos;
			};
			name = Debug;
		};
		F64462E318FF2FFB0090FBE2 /* Release */ = {
			isa = XCBuildConfiguration;
			buildSettings = {
				ALWAYS_SEARCH_USER_PATHS = NO;
				CLANG_CXX_LANGUAGE_STANDARD = "gnu++0x";
				CLANG_CXX_LIBRARY = "libc++";
				CLANG_ENABLE_MODULES = YES;
				CLANG_ENABLE_OBJC_ARC = YES;
				CLANG_WARN_BOOL_CONVERSION = YES;
				CLANG_WARN_CONSTANT_CONVERSION = YES;
				CLANG_WARN_DIRECT_OBJC_ISA_USAGE = YES_ERROR;
				CLANG_WARN_EMPTY_BODY = YES;
				CLANG_WARN_ENUM_CONVERSION = YES;
				CLANG_WARN_INT_CONVERSION = YES;
				CLANG_WARN_OBJC_ROOT_CLASS = YES_ERROR;
				CLANG_WARN__DUPLICATE_METHOD_MATCH = YES;
				"CODE_SIGN_IDENTITY[sdk=iphoneos*]" = "iPhone Developer";
				COPY_PHASE_STRIP = YES;
				ENABLE_NS_ASSERTIONS = NO;
				GCC_C_LANGUAGE_STANDARD = gnu99;
				GCC_WARN_64_TO_32_BIT_CONVERSION = YES;
				GCC_WARN_ABOUT_RETURN_TYPE = YES_ERROR;
				GCC_WARN_UNDECLARED_SELECTOR = YES;
				GCC_WARN_UNINITIALIZED_AUTOS = YES_AGGRESSIVE;
				GCC_WARN_UNUSED_FUNCTION = YES;
				GCC_WARN_UNUSED_VARIABLE = YES;
				IPHONEOS_DEPLOYMENT_TARGET = 7.1;
				SDKROOT = iphoneos;
				VALIDATE_PRODUCT = YES;
			};
			name = Release;
		};
		F64462E518FF2FFB0090FBE2 /* Debug */ = {
			isa = XCBuildConfiguration;
			buildSettings = {
				ASSETCATALOG_COMPILER_APPICON_NAME = AppIcon;
				ASSETCATALOG_COMPILER_LAUNCHIMAGE_NAME = LaunchImage;
				GCC_PRECOMPILE_PREFIX_HEADER = YES;
				GCC_PREFIX_HEADER = "CulpaNugget/CulpaNugget-Prefix.pch";
				INFOPLIST_FILE = "CulpaNugget/CulpaNugget-Info.plist";
				PRODUCT_NAME = "$(TARGET_NAME)";
				WRAPPER_EXTENSION = app;
			};
			name = Debug;
		};
		F64462E618FF2FFB0090FBE2 /* Release */ = {
			isa = XCBuildConfiguration;
			buildSettings = {
				ASSETCATALOG_COMPILER_APPICON_NAME = AppIcon;
				ASSETCATALOG_COMPILER_LAUNCHIMAGE_NAME = LaunchImage;
				GCC_PRECOMPILE_PREFIX_HEADER = YES;
				GCC_PREFIX_HEADER = "CulpaNugget/CulpaNugget-Prefix.pch";
				INFOPLIST_FILE = "CulpaNugget/CulpaNugget-Info.plist";
				PRODUCT_NAME = "$(TARGET_NAME)";
				WRAPPER_EXTENSION = app;
			};
			name = Release;
		};
		F64462E818FF2FFB0090FBE2 /* Debug */ = {
			isa = XCBuildConfiguration;
			buildSettings = {
				BUNDLE_LOADER = "$(BUILT_PRODUCTS_DIR)/CulpaNugget.app/CulpaNugget";
				FRAMEWORK_SEARCH_PATHS = (
					"$(SDKROOT)/Developer/Library/Frameworks",
					"$(inherited)",
					"$(DEVELOPER_FRAMEWORKS_DIR)",
				);
				GCC_PRECOMPILE_PREFIX_HEADER = YES;
				GCC_PREFIX_HEADER = "CulpaNugget/CulpaNugget-Prefix.pch";
				GCC_PREPROCESSOR_DEFINITIONS = (
					"DEBUG=1",
					"$(inherited)",
				);
				INFOPLIST_FILE = "CulpaNuggetTests/CulpaNuggetTests-Info.plist";
				PRODUCT_NAME = "$(TARGET_NAME)";
				TEST_HOST = "$(BUNDLE_LOADER)";
				WRAPPER_EXTENSION = xctest;
			};
			name = Debug;
		};
		F64462E918FF2FFB0090FBE2 /* Release */ = {
			isa = XCBuildConfiguration;
			buildSettings = {
				BUNDLE_LOADER = "$(BUILT_PRODUCTS_DIR)/CulpaNugget.app/CulpaNugget";
				FRAMEWORK_SEARCH_PATHS = (
					"$(SDKROOT)/Developer/Library/Frameworks",
					"$(inherited)",
					"$(DEVELOPER_FRAMEWORKS_DIR)",
				);
				GCC_PRECOMPILE_PREFIX_HEADER = YES;
				GCC_PREFIX_HEADER = "CulpaNugget/CulpaNugget-Prefix.pch";
				INFOPLIST_FILE = "CulpaNuggetTests/CulpaNuggetTests-Info.plist";
				PRODUCT_NAME = "$(TARGET_NAME)";
				TEST_HOST = "$(BUNDLE_LOADER)";
				WRAPPER_EXTENSION = xctest;
			};
			name = Release;
		};
/* End XCBuildConfiguration section */

/* Begin XCConfigurationList section */
		F64462AD18FF2FFB0090FBE2 /* Build configuration list for PBXProject "CulpaNugget" */ = {
			isa = XCConfigurationList;
			buildConfigurations = (
				F64462E218FF2FFB0090FBE2 /* Debug */,
				F64462E318FF2FFB0090FBE2 /* Release */,
			);
			defaultConfigurationIsVisible = 0;
			defaultConfigurationName = Release;
		};
		F64462E418FF2FFB0090FBE2 /* Build configuration list for PBXNativeTarget "CulpaNugget" */ = {
			isa = XCConfigurationList;
			buildConfigurations = (
				F64462E518FF2FFB0090FBE2 /* Debug */,
				F64462E618FF2FFB0090FBE2 /* Release */,
			);
			defaultConfigurationIsVisible = 0;
		};
		F64462E718FF2FFB0090FBE2 /* Build configuration list for PBXNativeTarget "CulpaNuggetTests" */ = {
			isa = XCConfigurationList;
			buildConfigurations = (
				F64462E818FF2FFB0090FBE2 /* Debug */,
				F64462E918FF2FFB0090FBE2 /* Release */,
			);
			defaultConfigurationIsVisible = 0;
		};
/* End XCConfigurationList section */
	};
	rootObject = F64462AA18FF2FFB0090FBE2 /* Project object */;
}
